// !$*UTF8*$!
{
	archiveVersion = 1;
	classes = {
	};
	objectVersion = 46;
	objects = {

/* Begin PBXBuildFile section */
		630395A51DF22EC700327390 /* AppDelegate.swift in Sources */ = {isa = PBXBuildFile; fileRef = 630395A41DF22EC700327390 /* AppDelegate.swift */; };
		630395A71DF22EC700327390 /* ViewController.swift in Sources */ = {isa = PBXBuildFile; fileRef = 630395A61DF22EC700327390 /* ViewController.swift */; };
		630395AA1DF22EC700327390 /* Main.storyboard in Resources */ = {isa = PBXBuildFile; fileRef = 630395A81DF22EC700327390 /* Main.storyboard */; };
		630395AC1DF22EC700327390 /* Assets.xcassets in Resources */ = {isa = PBXBuildFile; fileRef = 630395AB1DF22EC700327390 /* Assets.xcassets */; };
		630395AF1DF22EC700327390 /* LaunchScreen.storyboard in Resources */ = {isa = PBXBuildFile; fileRef = 630395AD1DF22EC700327390 /* LaunchScreen.storyboard */; };
/* End PBXBuildFile section */

/* Begin PBXFileReference section */
		630395A11DF22EC700327390 /* MapViewApp.app */ = {isa = PBXFileReference; explicitFileType = wrapper.application; includeInIndex = 0; path = MapViewApp.app; sourceTree = BUILT_PRODUCTS_DIR; };
		630395A41DF22EC700327390 /* AppDelegate.swift */ = {isa = PBXFileReference; lastKnownFileType = sourcecode.swift; path = AppDelegate.swift; sourceTree = "<group>"; };
		630395A61DF22EC700327390 /* ViewController.swift */ = {isa = PBXFileReference; lastKnownFileType = sourcecode.swift; path = ViewController.swift; sourceTree = "<group>"; };
		630395A91DF22EC700327390 /* Base */ = {isa = PBXFileReference; lastKnownFileType = file.storyboard; name = Base; path = Base.lproj/Main.storyboard; sourceTree = "<group>"; };
		630395AB1DF22EC700327390 /* Assets.xcassets */ = {isa = PBXFileReference; lastKnownFileType = folder.assetcatalog; path = Assets.xcassets; sourceTree = "<group>"; };
		630395AE1DF22EC700327390 /* Base */ = {isa = PBXFileReference; lastKnownFileType = file.storyboard; name = Base; path = Base.lproj/LaunchScreen.storyboard; sourceTree = "<group>"; };
		630395B01DF22EC700327390 /* Info.plist */ = {isa = PBXFileReference; lastKnownFileType = text.plist.xml; path = Info.plist; sourceTree = "<group>"; };
/* End PBXFileReference section */

/* Begin PBXFrameworksBuildPhase section */
		6303959E1DF22EC700327390 /* Frameworks */ = {
			isa = PBXFrameworksBuildPhase;
			buildActionMask = 2147483647;
			files = (
			);
			runOnlyForDeploymentPostprocessing = 0;
		};
/* End PBXFrameworksBuildPhase section */

/* Begin PBXGroup section */
		630395981DF22EC700327390 = {
			isa = PBXGroup;
			children = (
				630395A31DF22EC700327390 /* MapViewApp */,
				630395A21DF22EC700327390 /* Products */,
			);
			sourceTree = "<group>";
		};
		630395A21DF22EC700327390 /* Products */ = {
			isa = PBXGroup;
			children = (
				630395A11DF22EC700327390 /* MapViewApp.app */,
			);
			name = Products;
			sourceTree = "<group>";
		};
		630395A31DF22EC700327390 /* MapViewApp */ = {
			isa = PBXGroup;
			children = (
				630395A41DF22EC700327390 /* AppDelegate.swift */,
				630395A61DF22EC700327390 /* ViewController.swift */,
				630395A81DF22EC700327390 /* Main.storyboard */,
				630395AB1DF22EC700327390 /* Assets.xcassets */,
				630395AD1DF22EC700327390 /* LaunchScreen.storyboard */,
				630395B01DF22EC700327390 /* Info.plist */,
			);
			path = MapViewApp;
			sourceTree = "<group>";
		};
/* End PBXGroup section */

/* Begin PBXNativeTarget section */
		630395A01DF22EC700327390 /* MapViewApp */ = {
			isa = PBXNativeTarget;
			buildConfigurationList = 630395B31DF22EC700327390 /* Build configuration list for PBXNativeTarget "MapViewApp" */;
			buildPhases = (
				6303959D1DF22EC700327390 /* Sources */,
				6303959E1DF22EC700327390 /* Frameworks */,
				6303959F1DF22EC700327390 /* Resources */,
			);
			buildRules = (
			);
			dependencies = (
			);
			name = MapViewApp;
			productName = MapViewApp;
			productReference = 630395A11DF22EC700327390 /* MapViewApp.app */;
			productType = "com.apple.product-type.application";
		};
/* End PBXNativeTarget section */

/* Begin PBXProject section */
		630395991DF22EC700327390 /* Project object */ = {
			isa = PBXProject;
			attributes = {
				LastSwiftUpdateCheck = 0810;
				LastUpgradeCheck = 0810;
				ORGANIZATIONNAME = "Vladyslav Filippov";
				TargetAttributes = {
					630395A01DF22EC700327390 = {
						CreatedOnToolsVersion = 8.1;
						DevelopmentTeam = DQNEVQ2C5H;
						ProvisioningStyle = Automatic;
					};
				};
			};
			buildConfigurationList = 6303959C1DF22EC700327390 /* Build configuration list for PBXProject "MapViewApp" */;
			compatibilityVersion = "Xcode 3.2";
			developmentRegion = English;
			hasScannedForEncodings = 0;
			knownRegions = (
				en,
				Base,
			);
			mainGroup = 630395981DF22EC700327390;
			productRefGroup = 630395A21DF22EC700327390 /* Products */;
			projectDirPath = "";
			projectRoot = "";
			targets = (
				630395A01DF22EC700327390 /* MapViewApp */,
			);
		};
/* End PBXProject section */

/* Begin PBXResourcesBuildPhase section */
		6303959F1DF22EC700327390 /* Resources */ = {
			isa = PBXResourcesBuildPhase;
			buildActionMask = 2147483647;
			files = (
				630395AF1DF22EC700327390 /* LaunchScreen.storyboard in Resources */,
				630395AC1DF22EC700327390 /* Assets.xcassets in Resources */,
				630395AA1DF22EC700327390 /* Main.storyboard in Resources */,
			);
			runOnlyForDeploymentPostprocessing = 0;
		};
/* End PBXResourcesBuildPhase section */

/* Begin PBXSourcesBuildPhase section */
		6303959D1DF22EC700327390 /* Sources */ = {
			isa = PBXSourcesBuildPhase;
			buildActionMask = 2147483647;
			files = (
				630395A71DF22EC700327390 /* ViewController.swift in Sources */,
				630395A51DF22EC700327390 /* AppDelegate.swift in Sources */,
			);
			runOnlyForDeploymentPostprocessing = 0;
		};
/* End PBXSourcesBuildPhase section */

/* Begin PBXVariantGroup section */
		630395A81DF22EC700327390 /* Main.storyboard */ = {
			isa = PBXVariantGroup;
			children = (
				630395A91DF22EC700327390 /* Base */,
			);
			name = Main.storyboard;
			sourceTree = "<group>";
		};
		630395AD1DF22EC700327390 /* LaunchScreen.storyboard */ = {
			isa = PBXVariantGroup;
			children = (
				630395AE1DF22EC700327390 /* Base */,
			);
			name = LaunchScreen.storyboard;
			sourceTree = "<group>";
		};
/* End PBXVariantGroup section */

/* Begin XCBuildConfiguration section */
		630395B11DF22EC700327390 /* Debug */ = {
			isa = XCBuildConfiguration;
			buildSettings = {
				ALWAYS_SEARCH_USER_PATHS = NO;
				CLANG_ANALYZER_NONNULL = YES;
				CLANG_CXX_LANGUAGE_STANDARD = "gnu++0x";
				CLANG_CXX_LIBRARY = "libc++";
				CLANG_ENABLE_MODULES = YES;
				CLANG_ENABLE_OBJC_ARC = YES;
				CLANG_WARN_BOOL_CONVERSION = YES;
				CLANG_WARN_CONSTANT_CONVERSION = YES;
				CLANG_WARN_DIRECT_OBJC_ISA_USAGE = YES_ERROR;
				CLANG_WARN_DOCUMENTATION_COMMENTS = YES;
				CLANG_WARN_EMPTY_BODY = YES;
				CLANG_WARN_ENUM_CONVERSION = YES;
				CLANG_WARN_INFINITE_RECURSION = YES;
				CLANG_WARN_INT_CONVERSION = YES;
				CLANG_WARN_OBJC_ROOT_CLASS = YES_ERROR;
				CLANG_WARN_SUSPICIOUS_MOVES = YES;
				CLANG_WARN_UNREACHABLE_CODE = YES;
				CLANG_WARN__DUPLICATE_METHOD_MATCH = YES;
				"CODE_SIGN_IDENTITY[sdk=iphoneos*]" = "iPhone Developer";
				COPY_PHASE_STRIP = NO;
				DEBUG_INFORMATION_FORMAT = dwarf;
				ENABLE_STRICT_OBJC_MSGSEND = YES;
				ENABLE_TESTABILITY = YES;
				GCC_C_LANGUAGE_STANDARD = gnu99;
				GCC_DYNAMIC_NO_PIC = NO;
				GCC_NO_COMMON_BLOCKS = YES;
				GCC_OPTIMIZATION_LEVEL = 0;
				GCC_PREPROCESSOR_DEFINITIONS = (
					"DEBUG=1",
					"$(inherited)",
				);
				GCC_WARN_64_TO_32_BIT_CONVERSION = YES;
				GCC_WARN_ABOUT_RETURN_TYPE = YES_ERROR;
				GCC_WARN_UNDECLARED_SELECTOR = YES;
				GCC_WARN_UNINITIALIZED_AUTOS = YES_AGGRESSIVE;
				GCC_WARN_UNUSED_FUNCTION = YES;
				GCC_WARN_UNUSED_VARIABLE = YES;
				IPHONEOS_DEPLOYMENT_TARGET = 10.1;
				MTL_ENABLE_DEBUG_INFO = YES;
				ONLY_ACTIVE_ARCH = YES;
				SDKROOT = iphoneos;
				SWIFT_ACTIVE_COMPILATION_CONDITIONS = DEBUG;
				SWIFT_OPTIMIZATION_LEVEL = "-Onone";
			};
			name = Debug;
		};
		630395B21DF22EC700327390 /* Release */ = {
			isa = XCBuildConfiguration;
			buildSettings = {
				ALWAYS_SEARCH_USER_PATHS = NO;
				CLANG_ANALYZER_NONNULL = YES;
				CLANG_CXX_LANGUAGE_STANDARD = "gnu++0x";
				CLANG_CXX_LIBRARY = "libc++";
				CLANG_ENABLE_MODULES = YES;
				CLANG_ENABLE_OBJC_ARC = YES;
				CLANG_WARN_BOOL_CONVERSION = YES;
				CLANG_WARN_CONSTANT_CONVERSION = YES;
				CLANG_WARN_DIRECT_OBJC_ISA_USAGE = YES_ERROR;
				CLANG_WARN_DOCUMENTATION_COMMENTS = YES;
				CLANG_WARN_EMPTY_BODY = YES;
				CLANG_WARN_ENUM_CONVERSION = YES;
				CLANG_WARN_INFINITE_RECURSION = YES;
				CLANG_WARN_INT_CONVERSION = YES;
				CLANG_WARN_OBJC_ROOT_CLASS = YES_ERROR;
				CLANG_WARN_SUSPICIOUS_MOVES = YES;
				CLANG_WARN_UNREACHABLE_CODE = YES;
				CLANG_WARN__DUPLICATE_METHOD_MATCH = YES;
				"CODE_SIGN_IDENTITY[sdk=iphoneos*]" = "iPhone Developer";
				COPY_PHASE_STRIP = NO;
				DEBUG_INFORMATION_FORMAT = "dwarf-with-dsym";
				ENABLE_NS_ASSERTIONS = NO;
				ENABLE_STRICT_OBJC_MSGSEND = YES;
				GCC_C_LANGUAGE_STANDARD = gnu99;
				GCC_NO_COMMON_BLOCKS = YES;
				GCC_WARN_64_TO_32_BIT_CONVERSION = YES;
				GCC_WARN_ABOUT_RETURN_TYPE = YES_ERROR;
				GCC_WARN_UNDECLARED_SELECTOR = YES;
				GCC_WARN_UNINITIALIZED_AUTOS = YES_AGGRESSIVE;
				GCC_WARN_UNUSED_FUNCTION = YES;
				GCC_WARN_UNUSED_VARIABLE = YES;
				IPHONEOS_DEPLOYMENT_TARGET = 10.1;
				MTL_ENABLE_DEBUG_INFO = NO;
				SDKROOT = iphoneos;
				SWIFT_OPTIMIZATION_LEVEL = "-Owholemodule";
				VALIDATE_PRODUCT = YES;
			};
			name = Release;
		};
		630395B41DF22EC700327390 /* Debug */ = {
			isa = XCBuildConfiguration;
			buildSettings = {
				ASSETCATALOG_COMPILER_APPICON_NAME = AppIcon;
				DEVELOPMENT_TEAM = DQNEVQ2C5H;
				INFOPLIST_FILE = MapViewApp/Info.plist;
				LD_RUNPATH_SEARCH_PATHS = "$(inherited) @executable_path/Frameworks";
				PRODUCT_BUNDLE_IDENTIFIER = "fillippovvlad95-gmail.com.MapViewApp";
				PRODUCT_NAME = "$(TARGET_NAME)";
				SWIFT_VERSION = 3.0;
			};
			name = Debug;
		};
		630395B51DF22EC700327390 /* Release */ = {
			isa = XCBuildConfiguration;
			buildSettings = {
				ASSETCATALOG_COMPILER_APPICON_NAME = AppIcon;
				DEVELOPMENT_TEAM = DQNEVQ2C5H;
				INFOPLIST_FILE = MapViewApp/Info.plist;
				LD_RUNPATH_SEARCH_PATHS = "$(inherited) @executable_path/Frameworks";
				PRODUCT_BUNDLE_IDENTIFIER = "fillippovvlad95-gmail.com.MapViewApp";
				PRODUCT_NAME = "$(TARGET_NAME)";
				SWIFT_VERSION = 3.0;
			};
			name = Release;
		};
/* End XCBuildConfiguration section */

/* Begin XCConfigurationList section */
		6303959C1DF22EC700327390 /* Build configuration list for PBXProject "MapViewApp" */ = {
			isa = XCConfigurationList;
			buildConfigurations = (
				630395B11DF22EC700327390 /* Debug */,
				630395B21DF22EC700327390 /* Release */,
			);
			defaultConfigurationIsVisible = 0;
			defaultConfigurationName = Release;
		};
		630395B31DF22EC700327390 /* Build configuration list for PBXNativeTarget "MapViewApp" */ = {
			isa = XCConfigurationList;
			buildConfigurations = (
				630395B41DF22EC700327390 /* Debug */,
				630395B51DF22EC700327390 /* Release */,
			);
			defaultConfigurationIsVisible = 0;
		};
/* End XCConfigurationList section */
	};
	rootObject = 630395991DF22EC700327390 /* Project object */;
}
